
Microsoft Visual Studio Solution File, Format Version 12.00
# Visual Studio Version 17
VisualStudioVersion = 17.9.34607.119
MinimumVisualStudioVersion = 10.0.40219.1
Project("{FAE04EC0-301F-11D3-BF4B-00C04F79EFBC}") = "abstractclass", "abstractclass.csproj", "{C14D4B6E-8893-4962-A777-48EFAEE56991}"
EndProject
Global
	GlobalSection(SolutionConfigurationPlatforms) = preSolution
		Debug|Any CPU = Debug|Any CPU
		Release|Any CPU = Release|Any CPU
	EndGlobalSection
	GlobalSection(ProjectConfigurationPlatforms) = postSolution
		{C14D4B6E-8893-4962-A777-48EFAEE56991}.Debug|Any CPU.ActiveCfg = Debug|Any CPU
		{C14D4B6E-8893-4962-A777-48EFAEE56991}.Debug|Any CPU.Build.0 = Debug|Any CPU
		{C14D4B6E-8893-4962-A777-48EFAEE56991}.Release|Any CPU.ActiveCfg = Release|Any CPU
		{C14D4B6E-8893-4962-A777-48EFAEE56991}.Release|Any CPU.Build.0 = Release|Any CPU
	EndGlobalSection
	GlobalSection(SolutionProperties) = preSolution
		HideSolutionNode = FALSE
	EndGlobalSection
	GlobalSection(ExtensibilityGlobals) = postSolution
		SolutionGuid = {A5245FB2-66B5-4F79-A3C6-8DF46025C527}
	EndGlobalSection
EndGlobal
